// !$*UTF8*$!
{
	archiveVersion = 1;
	classes = {
	};
	objectVersion = 50;
	objects = {

/* Begin PBXBuildFile section */
		B111452C23DFFAB5009EC22F /* UIViewController+Helpers.swift in Sources */ = {isa = PBXBuildFile; fileRef = B111452B23DFFAB5009EC22F /* UIViewController+Helpers.swift */; };
		B111452E23E02431009EC22F /* StudentLocation.swift in Sources */ = {isa = PBXBuildFile; fileRef = B111452D23E02431009EC22F /* StudentLocation.swift */; };
		B111453023E28F10009EC22F /* UserInfo.swift in Sources */ = {isa = PBXBuildFile; fileRef = B111452F23E28F10009EC22F /* UserInfo.swift */; };
		B111453223E295BE009EC22F /* ConfirmLocationViewController.swift in Sources */ = {isa = PBXBuildFile; fileRef = B111453123E295BE009EC22F /* ConfirmLocationViewController.swift */; };
		B111453623E2A594009EC22F /* PostLocationResponse.swift in Sources */ = {isa = PBXBuildFile; fileRef = B111453523E2A594009EC22F /* PostLocationResponse.swift */; };
		B111453823E2B8FF009EC22F /* LocationRequest.swift in Sources */ = {isa = PBXBuildFile; fileRef = B111453723E2B8FF009EC22F /* LocationRequest.swift */; };
		B111453A23E2C262009EC22F /* RoundCorneredButton.swift in Sources */ = {isa = PBXBuildFile; fileRef = B111453923E2C262009EC22F /* RoundCorneredButton.swift */; };
		B111453C23E31E53009EC22F /* TableViewTabbedViewController.swift in Sources */ = {isa = PBXBuildFile; fileRef = B111453B23E31E53009EC22F /* TableViewTabbedViewController.swift */; };
		B17DB44023D906FE0059C2FD /* AppDelegate.swift in Sources */ = {isa = PBXBuildFile; fileRef = B17DB43F23D906FE0059C2FD /* AppDelegate.swift */; };
		B17DB44223D906FE0059C2FD /* SceneDelegate.swift in Sources */ = {isa = PBXBuildFile; fileRef = B17DB44123D906FE0059C2FD /* SceneDelegate.swift */; };
		B17DB44423D906FE0059C2FD /* LoginViewController.swift in Sources */ = {isa = PBXBuildFile; fileRef = B17DB44323D906FE0059C2FD /* LoginViewController.swift */; };
		B17DB44723D906FE0059C2FD /* Main.storyboard in Resources */ = {isa = PBXBuildFile; fileRef = B17DB44523D906FE0059C2FD /* Main.storyboard */; };
		B17DB44923D907000059C2FD /* Assets.xcassets in Resources */ = {isa = PBXBuildFile; fileRef = B17DB44823D907000059C2FD /* Assets.xcassets */; };
		B17DB44C23D907000059C2FD /* LaunchScreen.storyboard in Resources */ = {isa = PBXBuildFile; fileRef = B17DB44A23D907000059C2FD /* LaunchScreen.storyboard */; };
		B17DB45D23D932690059C2FD /* OTMClient.swift in Sources */ = {isa = PBXBuildFile; fileRef = B17DB45C23D932690059C2FD /* OTMClient.swift */; };
		B17DB46023D93A320059C2FD /* LoginRequest.swift in Sources */ = {isa = PBXBuildFile; fileRef = B17DB45F23D93A320059C2FD /* LoginRequest.swift */; };
		B17DB46323D96EF80059C2FD /* SessionResponse.swift in Sources */ = {isa = PBXBuildFile; fileRef = B17DB46223D96EF80059C2FD /* SessionResponse.swift */; };
		B17DB46523D97A750059C2FD /* OTMResponse.swift in Sources */ = {isa = PBXBuildFile; fileRef = B17DB46423D97A750059C2FD /* OTMResponse.swift */; };
		B17DB46723DAA6860059C2FD /* MapViewTabbedController.swift in Sources */ = {isa = PBXBuildFile; fileRef = B17DB46623DAA6860059C2FD /* MapViewTabbedController.swift */; };
		B17DB46923DAB5830059C2FD /* Constants.swift in Sources */ = {isa = PBXBuildFile; fileRef = B17DB46823DAB5830059C2FD /* Constants.swift */; };
		B17DB46E23DAB9FD0059C2FD /* LocationResponse.swift in Sources */ = {isa = PBXBuildFile; fileRef = B17DB46D23DAB9FD0059C2FD /* LocationResponse.swift */; };
		B17DB47123DAC5A40059C2FD /* OTMModel.swift in Sources */ = {isa = PBXBuildFile; fileRef = B17DB47023DAC5A40059C2FD /* OTMModel.swift */; };
		B17DB47323DC09BD0059C2FD /* LocationPostingViewController.swift in Sources */ = {isa = PBXBuildFile; fileRef = B17DB47223DC09BD0059C2FD /* LocationPostingViewController.swift */; };
/* End PBXBuildFile section */

/* Begin PBXFileReference section */
		B111452B23DFFAB5009EC22F /* UIViewController+Helpers.swift */ = {isa = PBXFileReference; lastKnownFileType = sourcecode.swift; path = "UIViewController+Helpers.swift"; sourceTree = "<group>"; };
		B111452D23E02431009EC22F /* StudentLocation.swift */ = {isa = PBXFileReference; lastKnownFileType = sourcecode.swift; path = StudentLocation.swift; sourceTree = "<group>"; };
		B111452F23E28F10009EC22F /* UserInfo.swift */ = {isa = PBXFileReference; lastKnownFileType = sourcecode.swift; path = UserInfo.swift; sourceTree = "<group>"; };
		B111453123E295BE009EC22F /* ConfirmLocationViewController.swift */ = {isa = PBXFileReference; fileEncoding = 4; lastKnownFileType = sourcecode.swift; path = ConfirmLocationViewController.swift; sourceTree = "<group>"; };
		B111453523E2A594009EC22F /* PostLocationResponse.swift */ = {isa = PBXFileReference; lastKnownFileType = sourcecode.swift; path = PostLocationResponse.swift; sourceTree = "<group>"; };
		B111453723E2B8FF009EC22F /* LocationRequest.swift */ = {isa = PBXFileReference; fileEncoding = 4; lastKnownFileType = sourcecode.swift; path = LocationRequest.swift; sourceTree = "<group>"; };
		B111453923E2C262009EC22F /* RoundCorneredButton.swift */ = {isa = PBXFileReference; lastKnownFileType = sourcecode.swift; path = RoundCorneredButton.swift; sourceTree = "<group>"; };
		B111453B23E31E53009EC22F /* TableViewTabbedViewController.swift */ = {isa = PBXFileReference; fileEncoding = 4; lastKnownFileType = sourcecode.swift; path = TableViewTabbedViewController.swift; sourceTree = "<group>"; };
		B17DB43C23D906FE0059C2FD /* OnTheMap.app */ = {isa = PBXFileReference; explicitFileType = wrapper.application; includeInIndex = 0; path = OnTheMap.app; sourceTree = BUILT_PRODUCTS_DIR; };
		B17DB43F23D906FE0059C2FD /* AppDelegate.swift */ = {isa = PBXFileReference; lastKnownFileType = sourcecode.swift; path = AppDelegate.swift; sourceTree = "<group>"; };
		B17DB44123D906FE0059C2FD /* SceneDelegate.swift */ = {isa = PBXFileReference; lastKnownFileType = sourcecode.swift; path = SceneDelegate.swift; sourceTree = "<group>"; };
		B17DB44323D906FE0059C2FD /* LoginViewController.swift */ = {isa = PBXFileReference; lastKnownFileType = sourcecode.swift; path = LoginViewController.swift; sourceTree = "<group>"; };
		B17DB44623D906FE0059C2FD /* Base */ = {isa = PBXFileReference; lastKnownFileType = file.storyboard; name = Base; path = Base.lproj/Main.storyboard; sourceTree = "<group>"; };
		B17DB44823D907000059C2FD /* Assets.xcassets */ = {isa = PBXFileReference; lastKnownFileType = folder.assetcatalog; path = Assets.xcassets; sourceTree = "<group>"; };
		B17DB44B23D907000059C2FD /* Base */ = {isa = PBXFileReference; lastKnownFileType = file.storyboard; name = Base; path = Base.lproj/LaunchScreen.storyboard; sourceTree = "<group>"; };
		B17DB44D23D907000059C2FD /* Info.plist */ = {isa = PBXFileReference; lastKnownFileType = text.plist.xml; path = Info.plist; sourceTree = "<group>"; };
		B17DB45C23D932690059C2FD /* OTMClient.swift */ = {isa = PBXFileReference; lastKnownFileType = sourcecode.swift; path = OTMClient.swift; sourceTree = "<group>"; };
		B17DB45F23D93A320059C2FD /* LoginRequest.swift */ = {isa = PBXFileReference; lastKnownFileType = sourcecode.swift; path = LoginRequest.swift; sourceTree = "<group>"; };
		B17DB46223D96EF80059C2FD /* SessionResponse.swift */ = {isa = PBXFileReference; lastKnownFileType = sourcecode.swift; path = SessionResponse.swift; sourceTree = "<group>"; };
		B17DB46423D97A750059C2FD /* OTMResponse.swift */ = {isa = PBXFileReference; lastKnownFileType = sourcecode.swift; path = OTMResponse.swift; sourceTree = "<group>"; };
		B17DB46623DAA6860059C2FD /* MapViewTabbedController.swift */ = {isa = PBXFileReference; lastKnownFileType = sourcecode.swift; path = MapViewTabbedController.swift; sourceTree = "<group>"; };
		B17DB46823DAB5830059C2FD /* Constants.swift */ = {isa = PBXFileReference; lastKnownFileType = sourcecode.swift; path = Constants.swift; sourceTree = "<group>"; };
		B17DB46D23DAB9FD0059C2FD /* LocationResponse.swift */ = {isa = PBXFileReference; lastKnownFileType = sourcecode.swift; path = LocationResponse.swift; sourceTree = "<group>"; };
		B17DB47023DAC5A40059C2FD /* OTMModel.swift */ = {isa = PBXFileReference; lastKnownFileType = sourcecode.swift; path = OTMModel.swift; sourceTree = "<group>"; };
		B17DB47223DC09BD0059C2FD /* LocationPostingViewController.swift */ = {isa = PBXFileReference; lastKnownFileType = sourcecode.swift; path = LocationPostingViewController.swift; sourceTree = "<group>"; };
/* End PBXFileReference section */

/* Begin PBXFrameworksBuildPhase section */
		B17DB43923D906FE0059C2FD /* Frameworks */ = {
			isa = PBXFrameworksBuildPhase;
			buildActionMask = 2147483647;
			files = (
			);
			runOnlyForDeploymentPostprocessing = 0;
		};
/* End PBXFrameworksBuildPhase section */

/* Begin PBXGroup section */
		B17DB43323D906FE0059C2FD = {
			isa = PBXGroup;
			children = (
				B17DB43E23D906FE0059C2FD /* OnTheMap */,
				B17DB43D23D906FE0059C2FD /* Products */,
			);
			sourceTree = "<group>";
		};
		B17DB43D23D906FE0059C2FD /* Products */ = {
			isa = PBXGroup;
			children = (
				B17DB43C23D906FE0059C2FD /* OnTheMap.app */,
			);
			name = Products;
			sourceTree = "<group>";
		};
		B17DB43E23D906FE0059C2FD /* OnTheMap */ = {
			isa = PBXGroup;
			children = (
				B17DB46823DAB5830059C2FD /* Constants.swift */,
				B17DB45823D90A240059C2FD /* Delegate */,
				B17DB45623D909F60059C2FD /* Model */,
				B17DB45523D909EB0059C2FD /* Controller */,
				B17DB45723D909FE0059C2FD /* View */,
				B17DB45323D909CF0059C2FD /* Resource */,
			);
			path = OnTheMap;
			sourceTree = "<group>";
		};
		B17DB45323D909CF0059C2FD /* Resource */ = {
			isa = PBXGroup;
			children = (
				B17DB44823D907000059C2FD /* Assets.xcassets */,
				B17DB44D23D907000059C2FD /* Info.plist */,
			);
			path = Resource;
			sourceTree = "<group>";
		};
		B17DB45523D909EB0059C2FD /* Controller */ = {
			isa = PBXGroup;
			children = (
				B17DB44323D906FE0059C2FD /* LoginViewController.swift */,
				B17DB46623DAA6860059C2FD /* MapViewTabbedController.swift */,
				B111453B23E31E53009EC22F /* TableViewTabbedViewController.swift */,
				B17DB47223DC09BD0059C2FD /* LocationPostingViewController.swift */,
				B111453123E295BE009EC22F /* ConfirmLocationViewController.swift */,
				B111452B23DFFAB5009EC22F /* UIViewController+Helpers.swift */,
			);
			path = Controller;
			sourceTree = "<group>";
		};
		B17DB45623D909F60059C2FD /* Model */ = {
			isa = PBXGroup;
			children = (
				B17DB46F23DAC5860059C2FD /* Data */,
				B17DB45B23D9324E0059C2FD /* Networking */,
				B17DB45E23D93A160059C2FD /* Request */,
				B17DB46123D96EDB0059C2FD /* Response */,
			);
			path = Model;
			sourceTree = "<group>";
		};
		B17DB45723D909FE0059C2FD /* View */ = {
			isa = PBXGroup;
			children = (
				B17DB44523D906FE0059C2FD /* Main.storyboard */,
				B17DB44A23D907000059C2FD /* LaunchScreen.storyboard */,
				B111453923E2C262009EC22F /* RoundCorneredButton.swift */,
			);
			path = View;
			sourceTree = "<group>";
		};
		B17DB45823D90A240059C2FD /* Delegate */ = {
			isa = PBXGroup;
			children = (
				B17DB43F23D906FE0059C2FD /* AppDelegate.swift */,
				B17DB44123D906FE0059C2FD /* SceneDelegate.swift */,
			);
			path = Delegate;
			sourceTree = "<group>";
		};
		B17DB45B23D9324E0059C2FD /* Networking */ = {
			isa = PBXGroup;
			children = (
				B17DB45C23D932690059C2FD /* OTMClient.swift */,
			);
			path = Networking;
			sourceTree = "<group>";
		};
		B17DB45E23D93A160059C2FD /* Request */ = {
			isa = PBXGroup;
			children = (
				B111453723E2B8FF009EC22F /* LocationRequest.swift */,
				B17DB45F23D93A320059C2FD /* LoginRequest.swift */,
			);
			path = Request;
			sourceTree = "<group>";
		};
		B17DB46123D96EDB0059C2FD /* Response */ = {
			isa = PBXGroup;
			children = (
				B111452F23E28F10009EC22F /* UserInfo.swift */,
				B111452D23E02431009EC22F /* StudentLocation.swift */,
				B17DB46D23DAB9FD0059C2FD /* LocationResponse.swift */,
				B17DB46223D96EF80059C2FD /* SessionResponse.swift */,
				B17DB46423D97A750059C2FD /* OTMResponse.swift */,
				B111453523E2A594009EC22F /* PostLocationResponse.swift */,
			);
			path = Response;
			sourceTree = "<group>";
		};
		B17DB46F23DAC5860059C2FD /* Data */ = {
			isa = PBXGroup;
			children = (
				B17DB47023DAC5A40059C2FD /* OTMModel.swift */,
			);
			path = Data;
			sourceTree = "<group>";
		};
/* End PBXGroup section */

/* Begin PBXNativeTarget section */
		B17DB43B23D906FE0059C2FD /* OnTheMap */ = {
			isa = PBXNativeTarget;
			buildConfigurationList = B17DB45023D907000059C2FD /* Build configuration list for PBXNativeTarget "OnTheMap" */;
			buildPhases = (
				B17DB43823D906FE0059C2FD /* Sources */,
				B17DB43923D906FE0059C2FD /* Frameworks */,
				B17DB43A23D906FE0059C2FD /* Resources */,
			);
			buildRules = (
			);
			dependencies = (
			);
			name = OnTheMap;
			productName = OnTheMap;
			productReference = B17DB43C23D906FE0059C2FD /* OnTheMap.app */;
			productType = "com.apple.product-type.application";
		};
/* End PBXNativeTarget section */

/* Begin PBXProject section */
		B17DB43423D906FE0059C2FD /* Project object */ = {
			isa = PBXProject;
			attributes = {
				LastSwiftUpdateCheck = 1130;
				LastUpgradeCheck = 1130;
				ORGANIZATIONNAME = qi;
				TargetAttributes = {
					B17DB43B23D906FE0059C2FD = {
						CreatedOnToolsVersion = 11.3.1;
					};
				};
			};
			buildConfigurationList = B17DB43723D906FE0059C2FD /* Build configuration list for PBXProject "OnTheMap" */;
			compatibilityVersion = "Xcode 9.3";
			developmentRegion = en;
			hasScannedForEncodings = 0;
			knownRegions = (
				en,
				Base,
			);
			mainGroup = B17DB43323D906FE0059C2FD;
			productRefGroup = B17DB43D23D906FE0059C2FD /* Products */;
			projectDirPath = "";
			projectRoot = "";
			targets = (
				B17DB43B23D906FE0059C2FD /* OnTheMap */,
			);
		};
/* End PBXProject section */

/* Begin PBXResourcesBuildPhase section */
		B17DB43A23D906FE0059C2FD /* Resources */ = {
			isa = PBXResourcesBuildPhase;
			buildActionMask = 2147483647;
			files = (
				B17DB44C23D907000059C2FD /* LaunchScreen.storyboard in Resources */,
				B17DB44923D907000059C2FD /* Assets.xcassets in Resources */,
				B17DB44723D906FE0059C2FD /* Main.storyboard in Resources */,
			);
			runOnlyForDeploymentPostprocessing = 0;
		};
/* End PBXResourcesBuildPhase section */

/* Begin PBXSourcesBuildPhase section */
		B17DB43823D906FE0059C2FD /* Sources */ = {
			isa = PBXSourcesBuildPhase;
			buildActionMask = 2147483647;
			files = (
				B111452E23E02431009EC22F /* StudentLocation.swift in Sources */,
				B17DB44423D906FE0059C2FD /* LoginViewController.swift in Sources */,
				B17DB46E23DAB9FD0059C2FD /* LocationResponse.swift in Sources */,
				B111453823E2B8FF009EC22F /* LocationRequest.swift in Sources */,
				B17DB44023D906FE0059C2FD /* AppDelegate.swift in Sources */,
				B111453623E2A594009EC22F /* PostLocationResponse.swift in Sources */,
				B111452C23DFFAB5009EC22F /* UIViewController+Helpers.swift in Sources */,
				B111453023E28F10009EC22F /* UserInfo.swift in Sources */,
				B17DB45D23D932690059C2FD /* OTMClient.swift in Sources */,
				B17DB46023D93A320059C2FD /* LoginRequest.swift in Sources */,
				B111453A23E2C262009EC22F /* RoundCorneredButton.swift in Sources */,
				B17DB44223D906FE0059C2FD /* SceneDelegate.swift in Sources */,
				B17DB47323DC09BD0059C2FD /* LocationPostingViewController.swift in Sources */,
				B17DB46323D96EF80059C2FD /* SessionResponse.swift in Sources */,
				B111453C23E31E53009EC22F /* TableViewTabbedViewController.swift in Sources */,
				B17DB46523D97A750059C2FD /* OTMResponse.swift in Sources */,
				B111453223E295BE009EC22F /* ConfirmLocationViewController.swift in Sources */,
				B17DB46723DAA6860059C2FD /* MapViewTabbedController.swift in Sources */,
				B17DB47123DAC5A40059C2FD /* OTMModel.swift in Sources */,
				B17DB46923DAB5830059C2FD /* Constants.swift in Sources */,
			);
			runOnlyForDeploymentPostprocessing = 0;
		};
/* End PBXSourcesBuildPhase section */

/* Begin PBXVariantGroup section */
		B17DB44523D906FE0059C2FD /* Main.storyboard */ = {
			isa = PBXVariantGroup;
			children = (
				B17DB44623D906FE0059C2FD /* Base */,
			);
			name = Main.storyboard;
			sourceTree = "<group>";
		};
		B17DB44A23D907000059C2FD /* LaunchScreen.storyboard */ = {
			isa = PBXVariantGroup;
			children = (
				B17DB44B23D907000059C2FD /* Base */,
			);
			name = LaunchScreen.storyboard;
			sourceTree = "<group>";
		};
/* End PBXVariantGroup section */

/* Begin XCBuildConfiguration section */
		B17DB44E23D907000059C2FD /* Debug */ = {
			isa = XCBuildConfiguration;
			buildSettings = {
				ALWAYS_SEARCH_USER_PATHS = NO;
				CLANG_ANALYZER_NONNULL = YES;
				CLANG_ANALYZER_NUMBER_OBJECT_CONVERSION = YES_AGGRESSIVE;
				CLANG_CXX_LANGUAGE_STANDARD = "gnu++14";
				CLANG_CXX_LIBRARY = "libc++";
				CLANG_ENABLE_MODULES = YES;
				CLANG_ENABLE_OBJC_ARC = YES;
				CLANG_ENABLE_OBJC_WEAK = YES;
				CLANG_WARN_BLOCK_CAPTURE_AUTORELEASING = YES;
				CLANG_WARN_BOOL_CONVERSION = YES;
				CLANG_WARN_COMMA = YES;
				CLANG_WARN_CONSTANT_CONVERSION = YES;
				CLANG_WARN_DEPRECATED_OBJC_IMPLEMENTATIONS = YES;
				CLANG_WARN_DIRECT_OBJC_ISA_USAGE = YES_ERROR;
				CLANG_WARN_DOCUMENTATION_COMMENTS = YES;
				CLANG_WARN_EMPTY_BODY = YES;
				CLANG_WARN_ENUM_CONVERSION = YES;
				CLANG_WARN_INFINITE_RECURSION = YES;
				CLANG_WARN_INT_CONVERSION = YES;
				CLANG_WARN_NON_LITERAL_NULL_CONVERSION = YES;
				CLANG_WARN_OBJC_IMPLICIT_RETAIN_SELF = YES;
				CLANG_WARN_OBJC_LITERAL_CONVERSION = YES;
				CLANG_WARN_OBJC_ROOT_CLASS = YES_ERROR;
				CLANG_WARN_RANGE_LOOP_ANALYSIS = YES;
				CLANG_WARN_STRICT_PROTOTYPES = YES;
				CLANG_WARN_SUSPICIOUS_MOVE = YES;
				CLANG_WARN_UNGUARDED_AVAILABILITY = YES_AGGRESSIVE;
				CLANG_WARN_UNREACHABLE_CODE = YES;
				CLANG_WARN__DUPLICATE_METHOD_MATCH = YES;
				COPY_PHASE_STRIP = NO;
				DEBUG_INFORMATION_FORMAT = dwarf;
				ENABLE_STRICT_OBJC_MSGSEND = YES;
				ENABLE_TESTABILITY = YES;
				GCC_C_LANGUAGE_STANDARD = gnu11;
				GCC_DYNAMIC_NO_PIC = NO;
				GCC_NO_COMMON_BLOCKS = YES;
				GCC_OPTIMIZATION_LEVEL = 0;
				GCC_PREPROCESSOR_DEFINITIONS = (
					"DEBUG=1",
					"$(inherited)",
				);
				GCC_WARN_64_TO_32_BIT_CONVERSION = YES;
				GCC_WARN_ABOUT_RETURN_TYPE = YES_ERROR;
				GCC_WARN_UNDECLARED_SELECTOR = YES;
				GCC_WARN_UNINITIALIZED_AUTOS = YES_AGGRESSIVE;
				GCC_WARN_UNUSED_FUNCTION = YES;
				GCC_WARN_UNUSED_VARIABLE = YES;
				IPHONEOS_DEPLOYMENT_TARGET = 13.2;
				MTL_ENABLE_DEBUG_INFO = INCLUDE_SOURCE;
				MTL_FAST_MATH = YES;
				ONLY_ACTIVE_ARCH = YES;
				SDKROOT = iphoneos;
				SWIFT_ACTIVE_COMPILATION_CONDITIONS = DEBUG;
				SWIFT_OPTIMIZATION_LEVEL = "-Onone";
			};
			name = Debug;
		};
		B17DB44F23D907000059C2FD /* Release */ = {
			isa = XCBuildConfiguration;
			buildSettings = {
				ALWAYS_SEARCH_USER_PATHS = NO;
				CLANG_ANALYZER_NONNULL = YES;
				CLANG_ANALYZER_NUMBER_OBJECT_CONVERSION = YES_AGGRESSIVE;
				CLANG_CXX_LANGUAGE_STANDARD = "gnu++14";
				CLANG_CXX_LIBRARY = "libc++";
				CLANG_ENABLE_MODULES = YES;
				CLANG_ENABLE_OBJC_ARC = YES;
				CLANG_ENABLE_OBJC_WEAK = YES;
				CLANG_WARN_BLOCK_CAPTURE_AUTORELEASING = YES;
				CLANG_WARN_BOOL_CONVERSION = YES;
				CLANG_WARN_COMMA = YES;
				CLANG_WARN_CONSTANT_CONVERSION = YES;
				CLANG_WARN_DEPRECATED_OBJC_IMPLEMENTATIONS = YES;
				CLANG_WARN_DIRECT_OBJC_ISA_USAGE = YES_ERROR;
				CLANG_WARN_DOCUMENTATION_COMMENTS = YES;
				CLANG_WARN_EMPTY_BODY = YES;
				CLANG_WARN_ENUM_CONVERSION = YES;
				CLANG_WARN_INFINITE_RECURSION = YES;
				CLANG_WARN_INT_CONVERSION = YES;
				CLANG_WARN_NON_LITERAL_NULL_CONVERSION = YES;
				CLANG_WARN_OBJC_IMPLICIT_RETAIN_SELF = YES;
				CLANG_WARN_OBJC_LITERAL_CONVERSION = YES;
				CLANG_WARN_OBJC_ROOT_CLASS = YES_ERROR;
				CLANG_WARN_RANGE_LOOP_ANALYSIS = YES;
				CLANG_WARN_STRICT_PROTOTYPES = YES;
				CLANG_WARN_SUSPICIOUS_MOVE = YES;
				CLANG_WARN_UNGUARDED_AVAILABILITY = YES_AGGRESSIVE;
				CLANG_WARN_UNREACHABLE_CODE = YES;
				CLANG_WARN__DUPLICATE_METHOD_MATCH = YES;
				COPY_PHASE_STRIP = NO;
				DEBUG_INFORMATION_FORMAT = "dwarf-with-dsym";
				ENABLE_NS_ASSERTIONS = NO;
				ENABLE_STRICT_OBJC_MSGSEND = YES;
				GCC_C_LANGUAGE_STANDARD = gnu11;
				GCC_NO_COMMON_BLOCKS = YES;
				GCC_WARN_64_TO_32_BIT_CONVERSION = YES;
				GCC_WARN_ABOUT_RETURN_TYPE = YES_ERROR;
				GCC_WARN_UNDECLARED_SELECTOR = YES;
				GCC_WARN_UNINITIALIZED_AUTOS = YES_AGGRESSIVE;
				GCC_WARN_UNUSED_FUNCTION = YES;
				GCC_WARN_UNUSED_VARIABLE = YES;
				IPHONEOS_DEPLOYMENT_TARGET = 13.2;
				MTL_ENABLE_DEBUG_INFO = NO;
				MTL_FAST_MATH = YES;
				SDKROOT = iphoneos;
				SWIFT_COMPILATION_MODE = wholemodule;
				SWIFT_OPTIMIZATION_LEVEL = "-O";
				VALIDATE_PRODUCT = YES;
			};
			name = Release;
		};
		B17DB45123D907000059C2FD /* Debug */ = {
			isa = XCBuildConfiguration;
			buildSettings = {
				ASSETCATALOG_COMPILER_APPICON_NAME = AppIcon;
				CODE_SIGN_STYLE = Automatic;
				DEVELOPMENT_TEAM = WFS2L9Z9ZQ;
				INFOPLIST_FILE = OnTheMap/Resource/Info.plist;
				LD_RUNPATH_SEARCH_PATHS = (
					"$(inherited)",
					"@executable_path/Frameworks",
				);
				PRODUCT_BUNDLE_IDENTIFIER = com.qiliu67.OnTheMap;
				PRODUCT_NAME = "$(TARGET_NAME)";
				SWIFT_VERSION = 5.0;
				TARGETED_DEVICE_FAMILY = "1,2";
			};
			name = Debug;
		};
		B17DB45223D907000059C2FD /* Release */ = {
			isa = XCBuildConfiguration;
			buildSettings = {
				ASSETCATALOG_COMPILER_APPICON_NAME = AppIcon;
				CODE_SIGN_STYLE = Automatic;
				DEVELOPMENT_TEAM = WFS2L9Z9ZQ;
				INFOPLIST_FILE = OnTheMap/Resource/Info.plist;
				LD_RUNPATH_SEARCH_PATHS = (
					"$(inherited)",
					"@executable_path/Frameworks",
				);
				PRODUCT_BUNDLE_IDENTIFIER = com.qiliu67.OnTheMap;
				PRODUCT_NAME = "$(TARGET_NAME)";
				SWIFT_VERSION = 5.0;
				TARGETED_DEVICE_FAMILY = "1,2";
			};
			name = Release;
		};
/* End XCBuildConfiguration section */

/* Begin XCConfigurationList section */
		B17DB43723D906FE0059C2FD /* Build configuration list for PBXProject "OnTheMap" */ = {
			isa = XCConfigurationList;
			buildConfigurations = (
				B17DB44E23D907000059C2FD /* Debug */,
				B17DB44F23D907000059C2FD /* Release */,
			);
			defaultConfigurationIsVisible = 0;
			defaultConfigurationName = Release;
		};
		B17DB45023D907000059C2FD /* Build configuration list for PBXNativeTarget "OnTheMap" */ = {
			isa = XCConfigurationList;
			buildConfigurations = (
				B17DB45123D907000059C2FD /* Debug */,
				B17DB45223D907000059C2FD /* Release */,
			);
			defaultConfigurationIsVisible = 0;
			defaultConfigurationName = Release;
		};
/* End XCConfigurationList section */
	};
	rootObject = B17DB43423D906FE0059C2FD /* Project object */;
}
